// !$*UTF8*$!
{
	archiveVersion = 1;
	classes = {
	};
	objectVersion = 46;
	objects = {

/* Begin PBXBuildFile section */
		CBCA4D9D4602A2A9EEE8F884 /* libPods-SmallTools.a in Frameworks */ = {isa = PBXBuildFile; fileRef = 02A3780A8CD3E06B054FAB6A /* libPods-SmallTools.a */; };
		FC05A0F81D12A834005FBD27 /* zuo.png in Resources */ = {isa = PBXBuildFile; fileRef = FC05A0F71D12A834005FBD27 /* zuo.png */; };
		FC0745651D2CDF6A000DFBA6 /* samllTools1ViewController.m in Sources */ = {isa = PBXBuildFile; fileRef = FC07455A1D2CDF6A000DFBA6 /* samllTools1ViewController.m */; };
		FC0745661D2CDF6A000DFBA6 /* samllTools1ViewController.xib in Resources */ = {isa = PBXBuildFile; fileRef = FC07455B1D2CDF6A000DFBA6 /* samllTools1ViewController.xib */; };
		FC0745671D2CDF6A000DFBA6 /* samllTools2ViewController.m in Sources */ = {isa = PBXBuildFile; fileRef = FC07455D1D2CDF6A000DFBA6 /* samllTools2ViewController.m */; };
		FC0745681D2CDF6A000DFBA6 /* samllTools2ViewController.xib in Resources */ = {isa = PBXBuildFile; fileRef = FC07455E1D2CDF6A000DFBA6 /* samllTools2ViewController.xib */; };
		FC0745691D2CDF6A000DFBA6 /* bilibiliVideoDownload.m in Sources */ = {isa = PBXBuildFile; fileRef = FC0745611D2CDF6A000DFBA6 /* bilibiliVideoDownload.m */; };
		FC07456A1D2CDF6A000DFBA6 /* bilibiliVideoDownload.xib in Resources */ = {isa = PBXBuildFile; fileRef = FC0745621D2CDF6A000DFBA6 /* bilibiliVideoDownload.xib */; };
		FC07456B1D2CDF6A000DFBA6 /* ViedoDownloadCell.m in Sources */ = {isa = PBXBuildFile; fileRef = FC0745641D2CDF6A000DFBA6 /* ViedoDownloadCell.m */; };
		FC07457A1D2CF9BB000DFBA6 /* FileMergeVC.m in Sources */ = {isa = PBXBuildFile; fileRef = FC0745781D2CF9BB000DFBA6 /* FileMergeVC.m */; };
		FC07457B1D2CF9BB000DFBA6 /* FileMergeVC.xib in Resources */ = {isa = PBXBuildFile; fileRef = FC0745791D2CF9BB000DFBA6 /* FileMergeVC.xib */; };
		FC0A7EA11E5BDD8E00C1B03F /* iphone(xcode8)模版Contents.json in Resources */ = {isa = PBXBuildFile; fileRef = FC0A7EA01E5BDD8E00C1B03F /* iphone(xcode8)模版Contents.json */; };
		FC0ADFCD1CEC79210027780E /* DragDropView.m in Sources */ = {isa = PBXBuildFile; fileRef = FC0ADFCC1CEC79210027780E /* DragDropView.m */; };
		FC11A8141CC24B590077A79E /* PlanbookViewController.m in Sources */ = {isa = PBXBuildFile; fileRef = FC11A8121CC24B590077A79E /* PlanbookViewController.m */; };
		FC11A8151CC24B590077A79E /* PlanbookViewController.xib in Resources */ = {isa = PBXBuildFile; fileRef = FC11A8131CC24B590077A79E /* PlanbookViewController.xib */; };
		FC265FF31CAA65A500537C9F /* AppDelegate.m in Sources */ = {isa = PBXBuildFile; fileRef = FC265FF21CAA65A500537C9F /* AppDelegate.m */; };
		FC265FF61CAA65A500537C9F /* main.m in Sources */ = {isa = PBXBuildFile; fileRef = FC265FF51CAA65A500537C9F /* main.m */; };
		FC265FF91CAA65A500537C9F /* mainViewController.m in Sources */ = {isa = PBXBuildFile; fileRef = FC265FF81CAA65A500537C9F /* mainViewController.m */; };
		FC265FFB1CAA65A500537C9F /* Assets.xcassets in Resources */ = {isa = PBXBuildFile; fileRef = FC265FFA1CAA65A500537C9F /* Assets.xcassets */; };
		FC265FFE1CAA65A500537C9F /* Main.storyboard in Resources */ = {isa = PBXBuildFile; fileRef = FC265FFC1CAA65A500537C9F /* Main.storyboard */; };
		FC2660091CAA65A500537C9F /* SmallToolsTests.m in Sources */ = {isa = PBXBuildFile; fileRef = FC2660081CAA65A500537C9F /* SmallToolsTests.m */; };
		FC2660141CAA65A500537C9F /* SmallToolsUITests.m in Sources */ = {isa = PBXBuildFile; fileRef = FC2660131CAA65A500537C9F /* SmallToolsUITests.m */; };
		FC2660251CAA744D00537C9F /* rightViewController.m in Sources */ = {isa = PBXBuildFile; fileRef = FC2660241CAA744D00537C9F /* rightViewController.m */; };
		FC26602A1CAA76E500537C9F /* leftTableViewController.m in Sources */ = {isa = PBXBuildFile; fileRef = FC2660291CAA76E500537C9F /* leftTableViewController.m */; };
		FC2660301CAA84DE00537C9F /* TopViewController.m in Sources */ = {isa = PBXBuildFile; fileRef = FC26602E1CAA84DE00537C9F /* TopViewController.m */; };
		FC2660351CAA88EF00537C9F /* bottomViewController.m in Sources */ = {isa = PBXBuildFile; fileRef = FC2660341CAA88EF00537C9F /* bottomViewController.m */; };
		FC2BE6C01CAB7FF7006310BD /* defaultViewController.m in Sources */ = {isa = PBXBuildFile; fileRef = FC2BE6BE1CAB7FF7006310BD /* defaultViewController.m */; };
		FC2BE6C11CAB7FF7006310BD /* defaultViewController.xib in Resources */ = {isa = PBXBuildFile; fileRef = FC2BE6BF1CAB7FF7006310BD /* defaultViewController.xib */; };
		FC2BE6C51CAB837D006310BD /* json_nosjViewController.m in Sources */ = {isa = PBXBuildFile; fileRef = FC2BE6C31CAB837D006310BD /* json_nosjViewController.m */; };
		FC2BE6C61CAB837D006310BD /* json_nosjViewController.xib in Resources */ = {isa = PBXBuildFile; fileRef = FC2BE6C41CAB837D006310BD /* json_nosjViewController.xib */; };
		FC2BE6D01CABAB65006310BD /* nameSpaceBugViewController.m in Sources */ = {isa = PBXBuildFile; fileRef = FC2BE6CE1CABAB65006310BD /* nameSpaceBugViewController.m */; };
		FC2BE6D11CABAB65006310BD /* nameSpaceBugViewController.xib in Resources */ = {isa = PBXBuildFile; fileRef = FC2BE6CF1CABAB65006310BD /* nameSpaceBugViewController.xib */; };
		FC2BE6D61CABC54D006310BD /* BianLiFileList.m in Sources */ = {isa = PBXBuildFile; fileRef = FC2BE6D51CABC54D006310BD /* BianLiFileList.m */; };
		FC3349951E9F73B900936FE1 /* bilibili.js in Resources */ = {isa = PBXBuildFile; fileRef = FC3349941E9F73B900936FE1 /* bilibili.js */; };
		FC4704671D46086E009F0B62 /* DownloadFile2.m in Sources */ = {isa = PBXBuildFile; fileRef = FC4704661D46086E009F0B62 /* DownloadFile2.m */; };
		FC47770A1FE27EFC00A273EF /* HttpTestVC.m in Sources */ = {isa = PBXBuildFile; fileRef = FC4777081FE27EFC00A273EF /* HttpTestVC.m */; };
		FC47770B1FE27EFC00A273EF /* HttpTestVC.xib in Resources */ = {isa = PBXBuildFile; fileRef = FC4777091FE27EFC00A273EF /* HttpTestVC.xib */; };
		FC7890E5201B2DE800AEAFAF /* iphone(xcode9)模版Contents.json in Resources */ = {isa = PBXBuildFile; fileRef = FC7890E4201B2DE800AEAFAF /* iphone(xcode9)模版Contents.json */; };
		FC7D8BEC1D2A74F00009EF7F /* DownloadFile.m in Sources */ = {isa = PBXBuildFile; fileRef = FC7D8BEB1D2A74F00009EF7F /* DownloadFile.m */; };
		FC80EF2A1CE2C48B00935EF8 /* DataReadWrite.m in Sources */ = {isa = PBXBuildFile; fileRef = FC80EF291CE2C48B00935EF8 /* DataReadWrite.m */; };
		FC8E40901E9B17E2003D1201 /* NewFileViewController.m in Sources */ = {isa = PBXBuildFile; fileRef = FC8E408E1E9B17E2003D1201 /* NewFileViewController.m */; };
		FC8E40911E9B17E2003D1201 /* NewFileViewController.xib in Resources */ = {isa = PBXBuildFile; fileRef = FC8E408F1E9B17E2003D1201 /* NewFileViewController.xib */; };
		FC99B96F1CFC1CAA001D3F99 /* mainWindowController.m in Sources */ = {isa = PBXBuildFile; fileRef = FC99B96E1CFC1CAA001D3F99 /* mainWindowController.m */; };
		FC9F87C31CEC208B007C9727 /* appIconViewController.m in Sources */ = {isa = PBXBuildFile; fileRef = FC9F87C11CEC208B007C9727 /* appIconViewController.m */; };
		FC9F87C41CEC208B007C9727 /* appIconViewController.xib in Resources */ = {isa = PBXBuildFile; fileRef = FC9F87C21CEC208B007C9727 /* appIconViewController.xib */; };
		FCBE642B1CED6EBE00CB31E5 /* 100-100.jpg in Resources */ = {isa = PBXBuildFile; fileRef = FCBE642A1CED6EBE00CB31E5 /* 100-100.jpg */; };
		FCC3B5521D327FD500BA23B1 /* iphone模版Contents.json in Resources */ = {isa = PBXBuildFile; fileRef = FCC3B5511D327FD500BA23B1 /* iphone模版Contents.json */; };
		FCC3B5541D32802000BA23B1 /* mac模版Contents.json in Resources */ = {isa = PBXBuildFile; fileRef = FCC3B5531D32802000BA23B1 /* mac模版Contents.json */; };
		FCCA96951E9CBE80003186A1 /* ExcelToJsonVC.m in Sources */ = {isa = PBXBuildFile; fileRef = FCCA96931E9CBE80003186A1 /* ExcelToJsonVC.m */; };
		FCCA96961E9CBE80003186A1 /* ExcelToJsonVC.xib in Resources */ = {isa = PBXBuildFile; fileRef = FCCA96941E9CBE80003186A1 /* ExcelToJsonVC.xib */; };
		FCE8B74F1CF849F700B3BFD2 /* testVC.m in Sources */ = {isa = PBXBuildFile; fileRef = FCE8B74D1CF849F700B3BFD2 /* testVC.m */; };
		FCE8B7501CF849F700B3BFD2 /* testVC.xib in Resources */ = {isa = PBXBuildFile; fileRef = FCE8B74E1CF849F700B3BFD2 /* testVC.xib */; };
/* End PBXBuildFile section */

/* Begin PBXContainerItemProxy section */
		FC2660051CAA65A500537C9F /* PBXContainerItemProxy */ = {
			isa = PBXContainerItemProxy;
			containerPortal = FC265FE61CAA65A500537C9F /* Project object */;
			proxyType = 1;
			remoteGlobalIDString = FC265FED1CAA65A500537C9F;
			remoteInfo = SmallTools;
		};
		FC2660101CAA65A500537C9F /* PBXContainerItemProxy */ = {
			isa = PBXContainerItemProxy;
			containerPortal = FC265FE61CAA65A500537C9F /* Project object */;
			proxyType = 1;
			remoteGlobalIDString = FC265FED1CAA65A500537C9F;
			remoteInfo = SmallTools;
		};
/* End PBXContainerItemProxy section */

/* Begin PBXFileReference section */
		02A3780A8CD3E06B054FAB6A /* libPods-SmallTools.a */ = {isa = PBXFileReference; explicitFileType = archive.ar; includeInIndex = 0; path = "libPods-SmallTools.a"; sourceTree = BUILT_PRODUCTS_DIR; };
		41074F7D3F371B875D7C7FCA /* Pods-SmallTools.debug.xcconfig */ = {isa = PBXFileReference; includeInIndex = 1; lastKnownFileType = text.xcconfig; name = "Pods-SmallTools.debug.xcconfig"; path = "Pods/Target Support Files/Pods-SmallTools/Pods-SmallTools.debug.xcconfig"; sourceTree = "<group>"; };
		AAE34914AE0504F67FB42596 /* Pods-SmallTools.release.xcconfig */ = {isa = PBXFileReference; includeInIndex = 1; lastKnownFileType = text.xcconfig; name = "Pods-SmallTools.release.xcconfig"; path = "Pods/Target Support Files/Pods-SmallTools/Pods-SmallTools.release.xcconfig"; sourceTree = "<group>"; };
		FC05A0F71D12A834005FBD27 /* zuo.png */ = {isa = PBXFileReference; lastKnownFileType = image.png; path = zuo.png; sourceTree = "<group>"; };
		FC0745591D2CDF6A000DFBA6 /* samllTools1ViewController.h */ = {isa = PBXFileReference; fileEncoding = 4; lastKnownFileType = sourcecode.c.h; path = samllTools1ViewController.h; sourceTree = "<group>"; };
		FC07455A1D2CDF6A000DFBA6 /* samllTools1ViewController.m */ = {isa = PBXFileReference; fileEncoding = 4; lastKnownFileType = sourcecode.c.objc; path = samllTools1ViewController.m; sourceTree = "<group>"; };
		FC07455B1D2CDF6A000DFBA6 /* samllTools1ViewController.xib */ = {isa = PBXFileReference; fileEncoding = 4; lastKnownFileType = file.xib; path = samllTools1ViewController.xib; sourceTree = "<group>"; };
		FC07455C1D2CDF6A000DFBA6 /* samllTools2ViewController.h */ = {isa = PBXFileReference; fileEncoding = 4; lastKnownFileType = sourcecode.c.h; path = samllTools2ViewController.h; sourceTree = "<group>"; };
		FC07455D1D2CDF6A000DFBA6 /* samllTools2ViewController.m */ = {isa = PBXFileReference; fileEncoding = 4; lastKnownFileType = sourcecode.c.objc; path = samllTools2ViewController.m; sourceTree = "<group>"; };
		FC07455E1D2CDF6A000DFBA6 /* samllTools2ViewController.xib */ = {isa = PBXFileReference; fileEncoding = 4; lastKnownFileType = file.xib; path = samllTools2ViewController.xib; sourceTree = "<group>"; };
		FC0745601D2CDF6A000DFBA6 /* bilibiliVideoDownload.h */ = {isa = PBXFileReference; fileEncoding = 4; lastKnownFileType = sourcecode.c.h; path = bilibiliVideoDownload.h; sourceTree = "<group>"; };
		FC0745611D2CDF6A000DFBA6 /* bilibiliVideoDownload.m */ = {isa = PBXFileReference; fileEncoding = 4; lastKnownFileType = sourcecode.c.objc; path = bilibiliVideoDownload.m; sourceTree = "<group>"; };
		FC0745621D2CDF6A000DFBA6 /* bilibiliVideoDownload.xib */ = {isa = PBXFileReference; fileEncoding = 4; lastKnownFileType = file.xib; path = bilibiliVideoDownload.xib; sourceTree = "<group>"; };
		FC0745631D2CDF6A000DFBA6 /* ViedoDownloadCell.h */ = {isa = PBXFileReference; fileEncoding = 4; lastKnownFileType = sourcecode.c.h; path = ViedoDownloadCell.h; sourceTree = "<group>"; };
		FC0745641D2CDF6A000DFBA6 /* ViedoDownloadCell.m */ = {isa = PBXFileReference; fileEncoding = 4; lastKnownFileType = sourcecode.c.objc; path = ViedoDownloadCell.m; sourceTree = "<group>"; };
		FC0745771D2CF9BB000DFBA6 /* FileMergeVC.h */ = {isa = PBXFileReference; fileEncoding = 4; lastKnownFileType = sourcecode.c.h; name = FileMergeVC.h; path = "工具实现代码/文件合并/FileMergeVC.h"; sourceTree = SOURCE_ROOT; };
		FC0745781D2CF9BB000DFBA6 /* FileMergeVC.m */ = {isa = PBXFileReference; fileEncoding = 4; lastKnownFileType = sourcecode.c.objc; name = FileMergeVC.m; path = "工具实现代码/文件合并/FileMergeVC.m"; sourceTree = SOURCE_ROOT; };
		FC0745791D2CF9BB000DFBA6 /* FileMergeVC.xib */ = {isa = PBXFileReference; fileEncoding = 4; lastKnownFileType = file.xib; name = FileMergeVC.xib; path = "工具实现代码/文件合并/FileMergeVC.xib"; sourceTree = SOURCE_ROOT; };
		FC0A7EA01E5BDD8E00C1B03F /* iphone(xcode8)模版Contents.json */ = {isa = PBXFileReference; fileEncoding = 4; lastKnownFileType = text.json; path = "iphone(xcode8)模版Contents.json"; sourceTree = "<group>"; };
		FC0ADFCB1CEC79210027780E /* DragDropView.h */ = {isa = PBXFileReference; fileEncoding = 4; lastKnownFileType = sourcecode.c.h; path = DragDropView.h; sourceTree = "<group>"; };
		FC0ADFCC1CEC79210027780E /* DragDropView.m */ = {isa = PBXFileReference; fileEncoding = 4; lastKnownFileType = sourcecode.c.objc; path = DragDropView.m; sourceTree = "<group>"; };
		FC11A8111CC24B590077A79E /* PlanbookViewController.h */ = {isa = PBXFileReference; fileEncoding = 4; lastKnownFileType = sourcecode.c.h; path = PlanbookViewController.h; sourceTree = "<group>"; };
		FC11A8121CC24B590077A79E /* PlanbookViewController.m */ = {isa = PBXFileReference; fileEncoding = 4; lastKnownFileType = sourcecode.c.objc; path = PlanbookViewController.m; sourceTree = "<group>"; };
		FC11A8131CC24B590077A79E /* PlanbookViewController.xib */ = {isa = PBXFileReference; fileEncoding = 4; lastKnownFileType = file.xib; path = PlanbookViewController.xib; sourceTree = "<group>"; };
		FC265FEE1CAA65A500537C9F /* SmallTools.app */ = {isa = PBXFileReference; explicitFileType = wrapper.application; includeInIndex = 0; path = SmallTools.app; sourceTree = BUILT_PRODUCTS_DIR; };
		FC265FF11CAA65A500537C9F /* AppDelegate.h */ = {isa = PBXFileReference; lastKnownFileType = sourcecode.c.h; path = AppDelegate.h; sourceTree = "<group>"; };
		FC265FF21CAA65A500537C9F /* AppDelegate.m */ = {isa = PBXFileReference; lastKnownFileType = sourcecode.c.objc; path = AppDelegate.m; sourceTree = "<group>"; };
		FC265FF51CAA65A500537C9F /* main.m */ = {isa = PBXFileReference; lastKnownFileType = sourcecode.c.objc; path = main.m; sourceTree = "<group>"; };
		FC265FF71CAA65A500537C9F /* mainViewController.h */ = {isa = PBXFileReference; lastKnownFileType = sourcecode.c.h; path = mainViewController.h; sourceTree = "<group>"; };
		FC265FF81CAA65A500537C9F /* mainViewController.m */ = {isa = PBXFileReference; lastKnownFileType = sourcecode.c.objc; path = mainViewController.m; sourceTree = "<group>"; };
		FC265FFA1CAA65A500537C9F /* Assets.xcassets */ = {isa = PBXFileReference; lastKnownFileType = folder.assetcatalog; path = Assets.xcassets; sourceTree = "<group>"; };
		FC265FFD1CAA65A500537C9F /* Base */ = {isa = PBXFileReference; lastKnownFileType = file.storyboard; name = Base; path = Base.lproj/Main.storyboard; sourceTree = "<group>"; };
		FC265FFF1CAA65A500537C9F /* Info.plist */ = {isa = PBXFileReference; lastKnownFileType = text.plist.xml; path = Info.plist; sourceTree = "<group>"; };
		FC2660041CAA65A500537C9F /* SmallToolsTests.xctest */ = {isa = PBXFileReference; explicitFileType = wrapper.cfbundle; includeInIndex = 0; path = SmallToolsTests.xctest; sourceTree = BUILT_PRODUCTS_DIR; };
		FC2660081CAA65A500537C9F /* SmallToolsTests.m */ = {isa = PBXFileReference; lastKnownFileType = sourcecode.c.objc; path = SmallToolsTests.m; sourceTree = "<group>"; };
		FC26600A1CAA65A500537C9F /* Info.plist */ = {isa = PBXFileReference; lastKnownFileType = text.plist.xml; path = Info.plist; sourceTree = "<group>"; };
		FC26600F1CAA65A500537C9F /* SmallToolsUITests.xctest */ = {isa = PBXFileReference; explicitFileType = wrapper.cfbundle; includeInIndex = 0; path = SmallToolsUITests.xctest; sourceTree = BUILT_PRODUCTS_DIR; };
		FC2660131CAA65A500537C9F /* SmallToolsUITests.m */ = {isa = PBXFileReference; lastKnownFileType = sourcecode.c.objc; path = SmallToolsUITests.m; sourceTree = "<group>"; };
		FC2660151CAA65A500537C9F /* Info.plist */ = {isa = PBXFileReference; lastKnownFileType = text.plist.xml; path = Info.plist; sourceTree = "<group>"; };
		FC2660211CAA6CB200537C9F /* smallToolsInfo.h */ = {isa = PBXFileReference; lastKnownFileType = sourcecode.c.h; path = smallToolsInfo.h; sourceTree = "<group>"; };
		FC2660231CAA744D00537C9F /* rightViewController.h */ = {isa = PBXFileReference; fileEncoding = 4; lastKnownFileType = sourcecode.c.h; path = rightViewController.h; sourceTree = "<group>"; };
		FC2660241CAA744D00537C9F /* rightViewController.m */ = {isa = PBXFileReference; fileEncoding = 4; lastKnownFileType = sourcecode.c.objc; path = rightViewController.m; sourceTree = "<group>"; };
		FC2660281CAA76E500537C9F /* leftTableViewController.h */ = {isa = PBXFileReference; fileEncoding = 4; lastKnownFileType = sourcecode.c.h; path = leftTableViewController.h; sourceTree = "<group>"; };
		FC2660291CAA76E500537C9F /* leftTableViewController.m */ = {isa = PBXFileReference; fileEncoding = 4; lastKnownFileType = sourcecode.c.objc; path = leftTableViewController.m; sourceTree = "<group>"; };
		FC26602D1CAA84DE00537C9F /* TopViewController.h */ = {isa = PBXFileReference; fileEncoding = 4; lastKnownFileType = sourcecode.c.h; path = TopViewController.h; sourceTree = "<group>"; };
		FC26602E1CAA84DE00537C9F /* TopViewController.m */ = {isa = PBXFileReference; fileEncoding = 4; lastKnownFileType = sourcecode.c.objc; path = TopViewController.m; sourceTree = "<group>"; };
		FC2660331CAA88EF00537C9F /* bottomViewController.h */ = {isa = PBXFileReference; fileEncoding = 4; lastKnownFileType = sourcecode.c.h; path = bottomViewController.h; sourceTree = "<group>"; };
		FC2660341CAA88EF00537C9F /* bottomViewController.m */ = {isa = PBXFileReference; fileEncoding = 4; lastKnownFileType = sourcecode.c.objc; path = bottomViewController.m; sourceTree = "<group>"; };
		FC2BE6BD1CAB7FF7006310BD /* defaultViewController.h */ = {isa = PBXFileReference; fileEncoding = 4; lastKnownFileType = sourcecode.c.h; path = defaultViewController.h; sourceTree = "<group>"; };
		FC2BE6BE1CAB7FF7006310BD /* defaultViewController.m */ = {isa = PBXFileReference; fileEncoding = 4; lastKnownFileType = sourcecode.c.objc; path = defaultViewController.m; sourceTree = "<group>"; };
		FC2BE6BF1CAB7FF7006310BD /* defaultViewController.xib */ = {isa = PBXFileReference; fileEncoding = 4; lastKnownFileType = file.xib; path = defaultViewController.xib; sourceTree = "<group>"; };
		FC2BE6C21CAB837D006310BD /* json_nosjViewController.h */ = {isa = PBXFileReference; fileEncoding = 4; lastKnownFileType = sourcecode.c.h; name = json_nosjViewController.h; path = "工具实现代码/json_nosj转换/json_nosjViewController.h"; sourceTree = SOURCE_ROOT; };
		FC2BE6C31CAB837D006310BD /* json_nosjViewController.m */ = {isa = PBXFileReference; fileEncoding = 4; lastKnownFileType = sourcecode.c.objc; name = json_nosjViewController.m; path = "工具实现代码/json_nosj转换/json_nosjViewController.m"; sourceTree = SOURCE_ROOT; };
		FC2BE6C41CAB837D006310BD /* json_nosjViewController.xib */ = {isa = PBXFileReference; fileEncoding = 4; lastKnownFileType = file.xib; name = json_nosjViewController.xib; path = "工具实现代码/json_nosj转换/json_nosjViewController.xib"; sourceTree = SOURCE_ROOT; };
		FC2BE6CD1CABAB65006310BD /* nameSpaceBugViewController.h */ = {isa = PBXFileReference; fileEncoding = 4; lastKnownFileType = sourcecode.c.h; path = nameSpaceBugViewController.h; sourceTree = "<group>"; };
		FC2BE6CE1CABAB65006310BD /* nameSpaceBugViewController.m */ = {isa = PBXFileReference; fileEncoding = 4; lastKnownFileType = sourcecode.c.objc; path = nameSpaceBugViewController.m; sourceTree = "<group>"; };
		FC2BE6CF1CABAB65006310BD /* nameSpaceBugViewController.xib */ = {isa = PBXFileReference; fileEncoding = 4; lastKnownFileType = file.xib; path = nameSpaceBugViewController.xib; sourceTree = "<group>"; };
		FC2BE6D41CABC54D006310BD /* BianLiFileList.h */ = {isa = PBXFileReference; fileEncoding = 4; lastKnownFileType = sourcecode.c.h; path = BianLiFileList.h; sourceTree = "<group>"; };
		FC2BE6D51CABC54D006310BD /* BianLiFileList.m */ = {isa = PBXFileReference; fileEncoding = 4; lastKnownFileType = sourcecode.c.objc; path = BianLiFileList.m; sourceTree = "<group>"; };
		FC3349941E9F73B900936FE1 /* bilibili.js */ = {isa = PBXFileReference; fileEncoding = 4; lastKnownFileType = sourcecode.javascript; path = bilibili.js; sourceTree = "<group>"; };
		FC4704651D46086E009F0B62 /* DownloadFile2.h */ = {isa = PBXFileReference; fileEncoding = 4; lastKnownFileType = sourcecode.c.h; path = DownloadFile2.h; sourceTree = "<group>"; };
		FC4704661D46086E009F0B62 /* DownloadFile2.m */ = {isa = PBXFileReference; fileEncoding = 4; lastKnownFileType = sourcecode.c.objc; path = DownloadFile2.m; sourceTree = "<group>"; };
		FC4777071FE27EFC00A273EF /* HttpTestVC.h */ = {isa = PBXFileReference; fileEncoding = 4; lastKnownFileType = sourcecode.c.h; path = HttpTestVC.h; sourceTree = "<group>"; };
		FC4777081FE27EFC00A273EF /* HttpTestVC.m */ = {isa = PBXFileReference; fileEncoding = 4; lastKnownFileType = sourcecode.c.objc; path = HttpTestVC.m; sourceTree = "<group>"; };
		FC4777091FE27EFC00A273EF /* HttpTestVC.xib */ = {isa = PBXFileReference; fileEncoding = 4; lastKnownFileType = file.xib; path = HttpTestVC.xib; sourceTree = "<group>"; };
		FC7890E4201B2DE800AEAFAF /* iphone(xcode9)模版Contents.json */ = {isa = PBXFileReference; fileEncoding = 4; lastKnownFileType = text.json; path = "iphone(xcode9)模版Contents.json"; sourceTree = "<group>"; };
		FC7D8BEA1D2A74F00009EF7F /* DownloadFile.h */ = {isa = PBXFileReference; fileEncoding = 4; lastKnownFileType = sourcecode.c.h; path = DownloadFile.h; sourceTree = "<group>"; };
		FC7D8BEB1D2A74F00009EF7F /* DownloadFile.m */ = {isa = PBXFileReference; fileEncoding = 4; lastKnownFileType = sourcecode.c.objc; path = DownloadFile.m; sourceTree = "<group>"; };
		FC80EF281CE2C48B00935EF8 /* DataReadWrite.h */ = {isa = PBXFileReference; fileEncoding = 4; lastKnownFileType = sourcecode.c.h; name = DataReadWrite.h; path = "文件读写/DataReadWrite.h"; sourceTree = "<group>"; };
		FC80EF291CE2C48B00935EF8 /* DataReadWrite.m */ = {isa = PBXFileReference; fileEncoding = 4; lastKnownFileType = sourcecode.c.objc; name = DataReadWrite.m; path = "文件读写/DataReadWrite.m"; sourceTree = "<group>"; };
		FC8E408D1E9B17E2003D1201 /* NewFileViewController.h */ = {isa = PBXFileReference; fileEncoding = 4; lastKnownFileType = sourcecode.c.h; path = NewFileViewController.h; sourceTree = "<group>"; };
		FC8E408E1E9B17E2003D1201 /* NewFileViewController.m */ = {isa = PBXFileReference; fileEncoding = 4; lastKnownFileType = sourcecode.c.objc; path = NewFileViewController.m; sourceTree = "<group>"; };
		FC8E408F1E9B17E2003D1201 /* NewFileViewController.xib */ = {isa = PBXFileReference; fileEncoding = 4; lastKnownFileType = file.xib; path = NewFileViewController.xib; sourceTree = "<group>"; };
		FC99B96D1CFC1CAA001D3F99 /* mainWindowController.h */ = {isa = PBXFileReference; fileEncoding = 4; lastKnownFileType = sourcecode.c.h; path = mainWindowController.h; sourceTree = "<group>"; };
		FC99B96E1CFC1CAA001D3F99 /* mainWindowController.m */ = {isa = PBXFileReference; fileEncoding = 4; lastKnownFileType = sourcecode.c.objc; path = mainWindowController.m; sourceTree = "<group>"; };
		FC9F87C01CEC208B007C9727 /* appIconViewController.h */ = {isa = PBXFileReference; fileEncoding = 4; lastKnownFileType = sourcecode.c.h; name = appIconViewController.h; path = "工具实现代码/应用图标/appIconViewController.h"; sourceTree = SOURCE_ROOT; };
		FC9F87C11CEC208B007C9727 /* appIconViewController.m */ = {isa = PBXFileReference; fileEncoding = 4; lastKnownFileType = sourcecode.c.objc; name = appIconViewController.m; path = "工具实现代码/应用图标/appIconViewController.m"; sourceTree = SOURCE_ROOT; };
		FC9F87C21CEC208B007C9727 /* appIconViewController.xib */ = {isa = PBXFileReference; fileEncoding = 4; lastKnownFileType = file.xib; name = appIconViewController.xib; path = "工具实现代码/应用图标/appIconViewController.xib"; sourceTree = SOURCE_ROOT; };
		FCBE642A1CED6EBE00CB31E5 /* 100-100.jpg */ = {isa = PBXFileReference; lastKnownFileType = image.jpeg; path = "100-100.jpg"; sourceTree = "<group>"; };
		FCC3B5511D327FD500BA23B1 /* iphone模版Contents.json */ = {isa = PBXFileReference; fileEncoding = 4; lastKnownFileType = text.json; path = "iphone模版Contents.json"; sourceTree = "<group>"; };
		FCC3B5531D32802000BA23B1 /* mac模版Contents.json */ = {isa = PBXFileReference; fileEncoding = 4; lastKnownFileType = text.json; path = "mac模版Contents.json"; sourceTree = "<group>"; };
		FCCA96921E9CBE80003186A1 /* ExcelToJsonVC.h */ = {isa = PBXFileReference; fileEncoding = 4; lastKnownFileType = sourcecode.c.h; path = ExcelToJsonVC.h; sourceTree = "<group>"; };
		FCCA96931E9CBE80003186A1 /* ExcelToJsonVC.m */ = {isa = PBXFileReference; fileEncoding = 4; lastKnownFileType = sourcecode.c.objc; path = ExcelToJsonVC.m; sourceTree = "<group>"; };
		FCCA96941E9CBE80003186A1 /* ExcelToJsonVC.xib */ = {isa = PBXFileReference; fileEncoding = 4; lastKnownFileType = file.xib; path = ExcelToJsonVC.xib; sourceTree = "<group>"; };
		FCE8B74C1CF849F700B3BFD2 /* testVC.h */ = {isa = PBXFileReference; fileEncoding = 4; lastKnownFileType = sourcecode.c.h; path = testVC.h; sourceTree = "<group>"; };
		FCE8B74D1CF849F700B3BFD2 /* testVC.m */ = {isa = PBXFileReference; fileEncoding = 4; lastKnownFileType = sourcecode.c.objc; path = testVC.m; sourceTree = "<group>"; };
		FCE8B74E1CF849F700B3BFD2 /* testVC.xib */ = {isa = PBXFileReference; fileEncoding = 4; lastKnownFileType = file.xib; path = testVC.xib; sourceTree = "<group>"; };
/* End PBXFileReference section */

/* Begin PBXFrameworksBuildPhase section */
		FC265FEB1CAA65A500537C9F /* Frameworks */ = {
			isa = PBXFrameworksBuildPhase;
			buildActionMask = 2147483647;
			files = (
				CBCA4D9D4602A2A9EEE8F884 /* libPods-SmallTools.a in Frameworks */,
			);
			runOnlyForDeploymentPostprocessing = 0;
		};
		FC2660011CAA65A500537C9F /* Frameworks */ = {
			isa = PBXFrameworksBuildPhase;
			buildActionMask = 2147483647;
			files = (
			);
			runOnlyForDeploymentPostprocessing = 0;
		};
		FC26600C1CAA65A500537C9F /* Frameworks */ = {
			isa = PBXFrameworksBuildPhase;
			buildActionMask = 2147483647;
			files = (
			);
			runOnlyForDeploymentPostprocessing = 0;
		};
/* End PBXFrameworksBuildPhase section */

/* Begin PBXGroup section */
		8CB0BFF9171C86B702A8AD7C /* Frameworks */ = {
			isa = PBXGroup;
			children = (
				02A3780A8CD3E06B054FAB6A /* libPods-SmallTools.a */,
			);
			name = Frameworks;
			sourceTree = "<group>";
		};
		8E782F2403D7D709DA92AE25 /* Pods */ = {
			isa = PBXGroup;
			children = (
				41074F7D3F371B875D7C7FCA /* Pods-SmallTools.debug.xcconfig */,
				AAE34914AE0504F67FB42596 /* Pods-SmallTools.release.xcconfig */,
			);
			name = Pods;
			sourceTree = "<group>";
		};
		FC0745581D2CDF6A000DFBA6 /* 小工具 */ = {
			isa = PBXGroup;
			children = (
				FC0745591D2CDF6A000DFBA6 /* samllTools1ViewController.h */,
				FC07455A1D2CDF6A000DFBA6 /* samllTools1ViewController.m */,
				FC07455B1D2CDF6A000DFBA6 /* samllTools1ViewController.xib */,
				FC07455C1D2CDF6A000DFBA6 /* samllTools2ViewController.h */,
				FC07455D1D2CDF6A000DFBA6 /* samllTools2ViewController.m */,
				FC07455E1D2CDF6A000DFBA6 /* samllTools2ViewController.xib */,
			);
			name = "小工具";
			path = "工具实现代码/小工具";
			sourceTree = SOURCE_ROOT;
		};
		FC07455F1D2CDF6A000DFBA6 /* bilibili视频下载 */ = {
			isa = PBXGroup;
			children = (
				FC0745601D2CDF6A000DFBA6 /* bilibiliVideoDownload.h */,
				FC0745611D2CDF6A000DFBA6 /* bilibiliVideoDownload.m */,
				FC0745621D2CDF6A000DFBA6 /* bilibiliVideoDownload.xib */,
				FC0745631D2CDF6A000DFBA6 /* ViedoDownloadCell.h */,
				FC0745641D2CDF6A000DFBA6 /* ViedoDownloadCell.m */,
			);
			name = "bilibili视频下载";
			path = "工具实现代码/bilibili视频下载";
			sourceTree = SOURCE_ROOT;
		};
		FC07456C1D2CECF1000DFBA6 /* 文件合并 */ = {
			isa = PBXGroup;
			children = (
				FC0745771D2CF9BB000DFBA6 /* FileMergeVC.h */,
				FC0745781D2CF9BB000DFBA6 /* FileMergeVC.m */,
				FC0745791D2CF9BB000DFBA6 /* FileMergeVC.xib */,
			);
			name = "文件合并";
			sourceTree = "<group>";
		};
		FC0ADFCA1CEC79210027780E /* 文件拖放接收视图 */ = {
			isa = PBXGroup;
			children = (
				FC0ADFCB1CEC79210027780E /* DragDropView.h */,
				FC0ADFCC1CEC79210027780E /* DragDropView.m */,
			);
			path = "文件拖放接收视图";
			sourceTree = "<group>";
		};
		FC11A8101CC24B590077A79E /* 计划本 */ = {
			isa = PBXGroup;
			children = (
				FC11A8111CC24B590077A79E /* PlanbookViewController.h */,
				FC11A8121CC24B590077A79E /* PlanbookViewController.m */,
				FC11A8131CC24B590077A79E /* PlanbookViewController.xib */,
			);
			name = "计划本";
			path = "工具实现代码/计划本";
			sourceTree = SOURCE_ROOT;
		};
		FC265FE51CAA65A500537C9F = {
			isa = PBXGroup;
			children = (
				FC265FF01CAA65A500537C9F /* SmallTools */,
				FC2660071CAA65A500537C9F /* SmallToolsTests */,
				FC2660121CAA65A500537C9F /* SmallToolsUITests */,
				FC265FEF1CAA65A500537C9F /* Products */,
				8E782F2403D7D709DA92AE25 /* Pods */,
				8CB0BFF9171C86B702A8AD7C /* Frameworks */,
			);
			sourceTree = "<group>";
		};
		FC265FEF1CAA65A500537C9F /* Products */ = {
			isa = PBXGroup;
			children = (
				FC265FEE1CAA65A500537C9F /* SmallTools.app */,
				FC2660041CAA65A500537C9F /* SmallToolsTests.xctest */,
				FC26600F1CAA65A500537C9F /* SmallToolsUITests.xctest */,
			);
			name = Products;
			sourceTree = "<group>";
		};
		FC265FF01CAA65A500537C9F /* SmallTools */ = {
			isa = PBXGroup;
			children = (
				FC2660211CAA6CB200537C9F /* smallToolsInfo.h */,
				FC265FFC1CAA65A500537C9F /* Main.storyboard */,
				FCBE64291CED6EBE00CB31E5 /* 资源 */,
				FC2BE6D21CABC54D006310BD /* 常用方法或类 */,
				FC2660361CAA8A3100537C9F /* tools */,
				FC2660261CAA766A00537C9F /* mainViewController */,
				FC2660271CAA767900537C9F /* 主要的工程文件 */,
				FC265FF41CAA65A500537C9F /* Supporting Files */,
			);
			path = SmallTools;
			sourceTree = "<group>";
		};
		FC265FF41CAA65A500537C9F /* Supporting Files */ = {
			isa = PBXGroup;
			children = (
				FC265FF51CAA65A500537C9F /* main.m */,
			);
			name = "Supporting Files";
			sourceTree = "<group>";
		};
		FC2660071CAA65A500537C9F /* SmallToolsTests */ = {
			isa = PBXGroup;
			children = (
				FC2660081CAA65A500537C9F /* SmallToolsTests.m */,
				FC26600A1CAA65A500537C9F /* Info.plist */,
			);
			path = SmallToolsTests;
			sourceTree = "<group>";
		};
		FC2660121CAA65A500537C9F /* SmallToolsUITests */ = {
			isa = PBXGroup;
			children = (
				FC2660131CAA65A500537C9F /* SmallToolsUITests.m */,
				FC2660151CAA65A500537C9F /* Info.plist */,
			);
			path = SmallToolsUITests;
			sourceTree = "<group>";
		};
		FC2660221CAA70B600537C9F /* rightViewController */ = {
			isa = PBXGroup;
			children = (
				FC2660321CAA88E300537C9F /* bottomViewController */,
				FC26602C1CAA7D5000537C9F /* TopViewController */,
				FC2660231CAA744D00537C9F /* rightViewController.h */,
				FC2660241CAA744D00537C9F /* rightViewController.m */,
			);
			name = rightViewController;
			sourceTree = "<group>";
		};
		FC2660261CAA766A00537C9F /* mainViewController */ = {
			isa = PBXGroup;
			children = (
				FC99B96D1CFC1CAA001D3F99 /* mainWindowController.h */,
				FC99B96E1CFC1CAA001D3F99 /* mainWindowController.m */,
				FC265FF71CAA65A500537C9F /* mainViewController.h */,
				FC265FF81CAA65A500537C9F /* mainViewController.m */,
				FC26602B1CAA76EA00537C9F /* leftTableViewController */,
				FC2660221CAA70B600537C9F /* rightViewController */,
			);
			name = mainViewController;
			sourceTree = "<group>";
		};
		FC2660271CAA767900537C9F /* 主要的工程文件 */ = {
			isa = PBXGroup;
			children = (
				FC265FF11CAA65A500537C9F /* AppDelegate.h */,
				FC265FF21CAA65A500537C9F /* AppDelegate.m */,
				FC265FFA1CAA65A500537C9F /* Assets.xcassets */,
				FC265FFF1CAA65A500537C9F /* Info.plist */,
			);
			name = "主要的工程文件";
			sourceTree = "<group>";
		};
		FC26602B1CAA76EA00537C9F /* leftTableViewController */ = {
			isa = PBXGroup;
			children = (
				FC2660281CAA76E500537C9F /* leftTableViewController.h */,
				FC2660291CAA76E500537C9F /* leftTableViewController.m */,
			);
			name = leftTableViewController;
			sourceTree = "<group>";
		};
		FC26602C1CAA7D5000537C9F /* TopViewController */ = {
			isa = PBXGroup;
			children = (
				FC26602D1CAA84DE00537C9F /* TopViewController.h */,
				FC26602E1CAA84DE00537C9F /* TopViewController.m */,
			);
			name = TopViewController;
			sourceTree = "<group>";
		};
		FC2660321CAA88E300537C9F /* bottomViewController */ = {
			isa = PBXGroup;
			children = (
				FC2BE6BC1CAB7FA1006310BD /* defaultViewController */,
				FC2660331CAA88EF00537C9F /* bottomViewController.h */,
				FC2660341CAA88EF00537C9F /* bottomViewController.m */,
			);
			name = bottomViewController;
			sourceTree = "<group>";
		};
		FC2660361CAA8A3100537C9F /* tools */ = {
			isa = PBXGroup;
			children = (
				FC4777061FE27EB300A273EF /* http模拟请求 */,
				FCCA96911E9CBE51003186A1 /* excel转json */,
				FC8E408C1E9B16FB003D1201 /* 新建文件 */,
				FC07456C1D2CECF1000DFBA6 /* 文件合并 */,
				FC0745581D2CDF6A000DFBA6 /* 小工具 */,
				FC07455F1D2CDF6A000DFBA6 /* bilibili视频下载 */,
				FCE8B74B1CF849F700B3BFD2 /* 测试视图 */,
				FC9F87BF1CEC1FF3007C9727 /* app icon */,
				FC11A8101CC24B590077A79E /* 计划本 */,
				FC2BE6CC1CABAB65006310BD /* 命名空间bug */,
				FC2660371CAA8A3D00537C9F /* json_nosj转换 */,
			);
			name = tools;
			sourceTree = "<group>";
		};
		FC2660371CAA8A3D00537C9F /* json_nosj转换 */ = {
			isa = PBXGroup;
			children = (
				FC2BE6C21CAB837D006310BD /* json_nosjViewController.h */,
				FC2BE6C31CAB837D006310BD /* json_nosjViewController.m */,
				FC2BE6C41CAB837D006310BD /* json_nosjViewController.xib */,
			);
			name = "json_nosj转换";
			sourceTree = "<group>";
		};
		FC2BE6BC1CAB7FA1006310BD /* defaultViewController */ = {
			isa = PBXGroup;
			children = (
				FC2BE6BD1CAB7FF7006310BD /* defaultViewController.h */,
				FC2BE6BE1CAB7FF7006310BD /* defaultViewController.m */,
				FC2BE6BF1CAB7FF7006310BD /* defaultViewController.xib */,
			);
			name = defaultViewController;
			sourceTree = "<group>";
		};
		FC2BE6CC1CABAB65006310BD /* 命名空间bug */ = {
			isa = PBXGroup;
			children = (
				FC2BE6CD1CABAB65006310BD /* nameSpaceBugViewController.h */,
				FC2BE6CE1CABAB65006310BD /* nameSpaceBugViewController.m */,
				FC2BE6CF1CABAB65006310BD /* nameSpaceBugViewController.xib */,
			);
			name = "命名空间bug";
			path = "工具实现代码/命名空间bug";
			sourceTree = SOURCE_ROOT;
		};
		FC2BE6D21CABC54D006310BD /* 常用方法或类 */ = {
			isa = PBXGroup;
			children = (
				FC7D8BE91D2A74F00009EF7F /* DownloadFile */,
				FC0ADFCA1CEC79210027780E /* 文件拖放接收视图 */,
				FC80EF271CE2C43900935EF8 /* 数据保存 */,
				FC2BE6D31CABC54D006310BD /* 文件遍历 */,
			);
			path = "常用方法或类";
			sourceTree = SOURCE_ROOT;
		};
		FC2BE6D31CABC54D006310BD /* 文件遍历 */ = {
			isa = PBXGroup;
			children = (
				FC2BE6D41CABC54D006310BD /* BianLiFileList.h */,
				FC2BE6D51CABC54D006310BD /* BianLiFileList.m */,
			);
			path = "文件遍历";
			sourceTree = "<group>";
		};
		FC4777061FE27EB300A273EF /* http模拟请求 */ = {
			isa = PBXGroup;
			children = (
				FC4777071FE27EFC00A273EF /* HttpTestVC.h */,
				FC4777081FE27EFC00A273EF /* HttpTestVC.m */,
				FC4777091FE27EFC00A273EF /* HttpTestVC.xib */,
			);
			name = "http模拟请求";
			path = "工具实现代码/http模拟请求";
			sourceTree = SOURCE_ROOT;
		};
		FC7D8BE91D2A74F00009EF7F /* DownloadFile */ = {
			isa = PBXGroup;
			children = (
				FC7D8BEA1D2A74F00009EF7F /* DownloadFile.h */,
				FC7D8BEB1D2A74F00009EF7F /* DownloadFile.m */,
				FC4704651D46086E009F0B62 /* DownloadFile2.h */,
				FC4704661D46086E009F0B62 /* DownloadFile2.m */,
			);
			path = DownloadFile;
			sourceTree = "<group>";
		};
		FC80EF271CE2C43900935EF8 /* 数据保存 */ = {
			isa = PBXGroup;
			children = (
				FC80EF281CE2C48B00935EF8 /* DataReadWrite.h */,
				FC80EF291CE2C48B00935EF8 /* DataReadWrite.m */,
			);
			name = "数据保存";
			sourceTree = "<group>";
		};
		FC8E408C1E9B16FB003D1201 /* 新建文件 */ = {
			isa = PBXGroup;
			children = (
				FC8E408D1E9B17E2003D1201 /* NewFileViewController.h */,
				FC8E408E1E9B17E2003D1201 /* NewFileViewController.m */,
				FC8E408F1E9B17E2003D1201 /* NewFileViewController.xib */,
			);
			name = "新建文件";
			path = "工具实现代码/新建文件";
			sourceTree = SOURCE_ROOT;
		};
		FC9F87BF1CEC1FF3007C9727 /* app icon */ = {
			isa = PBXGroup;
			children = (
				FC9F87C01CEC208B007C9727 /* appIconViewController.h */,
				FC9F87C11CEC208B007C9727 /* appIconViewController.m */,
				FC9F87C21CEC208B007C9727 /* appIconViewController.xib */,
			);
			name = "app icon";
			sourceTree = "<group>";
		};
		FCBE64291CED6EBE00CB31E5 /* 资源 */ = {
			isa = PBXGroup;
			children = (
				FC3349941E9F73B900936FE1 /* bilibili.js */,
				FC05A0F71D12A834005FBD27 /* zuo.png */,
				FCC3B5511D327FD500BA23B1 /* iphone模版Contents.json */,
				FC0A7EA01E5BDD8E00C1B03F /* iphone(xcode8)模版Contents.json */,
				FC7890E4201B2DE800AEAFAF /* iphone(xcode9)模版Contents.json */,
				FCC3B5531D32802000BA23B1 /* mac模版Contents.json */,
				FCBE642A1CED6EBE00CB31E5 /* 100-100.jpg */,
			);
			path = "资源";
			sourceTree = SOURCE_ROOT;
		};
		FCCA96911E9CBE51003186A1 /* excel转json */ = {
			isa = PBXGroup;
			children = (
				FCCA96921E9CBE80003186A1 /* ExcelToJsonVC.h */,
				FCCA96931E9CBE80003186A1 /* ExcelToJsonVC.m */,
				FCCA96941E9CBE80003186A1 /* ExcelToJsonVC.xib */,
			);
			name = "excel转json";
			path = "工具实现代码/excel转json";
			sourceTree = SOURCE_ROOT;
		};
		FCE8B74B1CF849F700B3BFD2 /* 测试视图 */ = {
			isa = PBXGroup;
			children = (
				FCE8B74C1CF849F700B3BFD2 /* testVC.h */,
				FCE8B74D1CF849F700B3BFD2 /* testVC.m */,
				FCE8B74E1CF849F700B3BFD2 /* testVC.xib */,
			);
			name = "测试视图";
			path = "工具实现代码/测试视图";
			sourceTree = SOURCE_ROOT;
		};
/* End PBXGroup section */

/* Begin PBXNativeTarget section */
		FC265FED1CAA65A500537C9F /* SmallTools */ = {
			isa = PBXNativeTarget;
			buildConfigurationList = FC2660181CAA65A500537C9F /* Build configuration list for PBXNativeTarget "SmallTools" */;
			buildPhases = (
				E479CB8EF70A45DA7936D53F /* [CP] Check Pods Manifest.lock */,
				FC265FEA1CAA65A500537C9F /* Sources */,
				FC265FEB1CAA65A500537C9F /* Frameworks */,
				FC265FEC1CAA65A500537C9F /* Resources */,
				A9A7FDDE535E6C0C44EDFBDA /* [CP] Embed Pods Frameworks */,
				3361B88CFF022E1686F5F212 /* [CP] Copy Pods Resources */,
			);
			buildRules = (
			);
			dependencies = (
			);
			name = SmallTools;
			productName = SmallTools;
			productReference = FC265FEE1CAA65A500537C9F /* SmallTools.app */;
			productType = "com.apple.product-type.application";
		};
		FC2660031CAA65A500537C9F /* SmallToolsTests */ = {
			isa = PBXNativeTarget;
			buildConfigurationList = FC26601B1CAA65A500537C9F /* Build configuration list for PBXNativeTarget "SmallToolsTests" */;
			buildPhases = (
				FC2660001CAA65A500537C9F /* Sources */,
				FC2660011CAA65A500537C9F /* Frameworks */,
				FC2660021CAA65A500537C9F /* Resources */,
			);
			buildRules = (
			);
			dependencies = (
				FC2660061CAA65A500537C9F /* PBXTargetDependency */,
			);
			name = SmallToolsTests;
			productName = SmallToolsTests;
			productReference = FC2660041CAA65A500537C9F /* SmallToolsTests.xctest */;
			productType = "com.apple.product-type.bundle.unit-test";
		};
		FC26600E1CAA65A500537C9F /* SmallToolsUITests */ = {
			isa = PBXNativeTarget;
			buildConfigurationList = FC26601E1CAA65A500537C9F /* Build configuration list for PBXNativeTarget "SmallToolsUITests" */;
			buildPhases = (
				FC26600B1CAA65A500537C9F /* Sources */,
				FC26600C1CAA65A500537C9F /* Frameworks */,
				FC26600D1CAA65A500537C9F /* Resources */,
			);
			buildRules = (
			);
			dependencies = (
				FC2660111CAA65A500537C9F /* PBXTargetDependency */,
			);
			name = SmallToolsUITests;
			productName = SmallToolsUITests;
			productReference = FC26600F1CAA65A500537C9F /* SmallToolsUITests.xctest */;
			productType = "com.apple.product-type.bundle.ui-testing";
		};
/* End PBXNativeTarget section */

/* Begin PBXProject section */
		FC265FE61CAA65A500537C9F /* Project object */ = {
			isa = PBXProject;
			attributes = {
				LastUpgradeCheck = 0730;
				ORGANIZATIONNAME = cxh;
				TargetAttributes = {
					FC265FED1CAA65A500537C9F = {
						CreatedOnToolsVersion = 7.3;
					};
					FC2660031CAA65A500537C9F = {
						CreatedOnToolsVersion = 7.3;
						TestTargetID = FC265FED1CAA65A500537C9F;
					};
					FC26600E1CAA65A500537C9F = {
						CreatedOnToolsVersion = 7.3;
						TestTargetID = FC265FED1CAA65A500537C9F;
					};
				};
			};
			buildConfigurationList = FC265FE91CAA65A500537C9F /* Build configuration list for PBXProject "SmallTools" */;
			compatibilityVersion = "Xcode 3.2";
			developmentRegion = English;
			hasScannedForEncodings = 0;
			knownRegions = (
				en,
				Base,
			);
			mainGroup = FC265FE51CAA65A500537C9F;
			productRefGroup = FC265FEF1CAA65A500537C9F /* Products */;
			projectDirPath = "";
			projectRoot = "";
			targets = (
				FC265FED1CAA65A500537C9F /* SmallTools */,
				FC2660031CAA65A500537C9F /* SmallToolsTests */,
				FC26600E1CAA65A500537C9F /* SmallToolsUITests */,
			);
		};
/* End PBXProject section */

/* Begin PBXResourcesBuildPhase section */
		FC265FEC1CAA65A500537C9F /* Resources */ = {
			isa = PBXResourcesBuildPhase;
			buildActionMask = 2147483647;
			files = (
				FC7890E5201B2DE800AEAFAF /* iphone(xcode9)模版Contents.json in Resources */,
				FC0745661D2CDF6A000DFBA6 /* samllTools1ViewController.xib in Resources */,
				FC3349951E9F73B900936FE1 /* bilibili.js in Resources */,
				FC0A7EA11E5BDD8E00C1B03F /* iphone(xcode8)模版Contents.json in Resources */,
				FC265FFB1CAA65A500537C9F /* Assets.xcassets in Resources */,
				FCC3B5541D32802000BA23B1 /* mac模版Contents.json in Resources */,
				FC47770B1FE27EFC00A273EF /* HttpTestVC.xib in Resources */,
				FCBE642B1CED6EBE00CB31E5 /* 100-100.jpg in Resources */,
				FC2BE6C11CAB7FF7006310BD /* defaultViewController.xib in Resources */,
				FC11A8151CC24B590077A79E /* PlanbookViewController.xib in Resources */,
				FC0745681D2CDF6A000DFBA6 /* samllTools2ViewController.xib in Resources */,
				FCC3B5521D327FD500BA23B1 /* iphone模版Contents.json in Resources */,
				FC07456A1D2CDF6A000DFBA6 /* bilibiliVideoDownload.xib in Resources */,
				FC07457B1D2CF9BB000DFBA6 /* FileMergeVC.xib in Resources */,
				FCCA96961E9CBE80003186A1 /* ExcelToJsonVC.xib in Resources */,
				FC05A0F81D12A834005FBD27 /* zuo.png in Resources */,
				FC9F87C41CEC208B007C9727 /* appIconViewController.xib in Resources */,
				FC2BE6D11CABAB65006310BD /* nameSpaceBugViewController.xib in Resources */,
				FC2BE6C61CAB837D006310BD /* json_nosjViewController.xib in Resources */,
				FC8E40911E9B17E2003D1201 /* NewFileViewController.xib in Resources */,
				FCE8B7501CF849F700B3BFD2 /* testVC.xib in Resources */,
				FC265FFE1CAA65A500537C9F /* Main.storyboard in Resources */,
			);
			runOnlyForDeploymentPostprocessing = 0;
		};
		FC2660021CAA65A500537C9F /* Resources */ = {
			isa = PBXResourcesBuildPhase;
			buildActionMask = 2147483647;
			files = (
			);
			runOnlyForDeploymentPostprocessing = 0;
		};
		FC26600D1CAA65A500537C9F /* Resources */ = {
			isa = PBXResourcesBuildPhase;
			buildActionMask = 2147483647;
			files = (
			);
			runOnlyForDeploymentPostprocessing = 0;
		};
/* End PBXResourcesBuildPhase section */

/* Begin PBXShellScriptBuildPhase section */
		3361B88CFF022E1686F5F212 /* [CP] Copy Pods Resources */ = {
			isa = PBXShellScriptBuildPhase;
			buildActionMask = 2147483647;
			files = (
			);
			inputPaths = (
			);
			name = "[CP] Copy Pods Resources";
			outputPaths = (
			);
			runOnlyForDeploymentPostprocessing = 0;
			shellPath = /bin/sh;
			shellScript = "\"${SRCROOT}/Pods/Target Support Files/Pods-SmallTools/Pods-SmallTools-resources.sh\"\n";
			showEnvVarsInLog = 0;
		};
		A9A7FDDE535E6C0C44EDFBDA /* [CP] Embed Pods Frameworks */ = {
			isa = PBXShellScriptBuildPhase;
			buildActionMask = 2147483647;
			files = (
			);
			inputPaths = (
			);
			name = "[CP] Embed Pods Frameworks";
			outputPaths = (
			);
			runOnlyForDeploymentPostprocessing = 0;
			shellPath = /bin/sh;
			shellScript = "\"${SRCROOT}/Pods/Target Support Files/Pods-SmallTools/Pods-SmallTools-frameworks.sh\"\n";
			showEnvVarsInLog = 0;
		};
		E479CB8EF70A45DA7936D53F /* [CP] Check Pods Manifest.lock */ = {
			isa = PBXShellScriptBuildPhase;
			buildActionMask = 2147483647;
			files = (
			);
			inputPaths = (
			);
			name = "[CP] Check Pods Manifest.lock";
			outputPaths = (
			);
			runOnlyForDeploymentPostprocessing = 0;
			shellPath = /bin/sh;
			shellScript = "diff \"${PODS_ROOT}/../Podfile.lock\" \"${PODS_ROOT}/Manifest.lock\" > /dev/null\nif [[ $? != 0 ]] ; then\n    cat << EOM\nerror: The sandbox is not in sync with the Podfile.lock. Run 'pod install' or update your CocoaPods installation.\nEOM\n    exit 1\nfi\n";
			showEnvVarsInLog = 0;
		};
/* End PBXShellScriptBuildPhase section */

/* Begin PBXSourcesBuildPhase section */
		FC265FEA1CAA65A500537C9F /* Sources */ = {
			isa = PBXSourcesBuildPhase;
			buildActionMask = 2147483647;
			files = (
				FC80EF2A1CE2C48B00935EF8 /* DataReadWrite.m in Sources */,
				FC0745671D2CDF6A000DFBA6 /* samllTools2ViewController.m in Sources */,
				FC0745691D2CDF6A000DFBA6 /* bilibiliVideoDownload.m in Sources */,
				FC2BE6D61CABC54D006310BD /* BianLiFileList.m in Sources */,
				FC2BE6C51CAB837D006310BD /* json_nosjViewController.m in Sources */,
				FC47770A1FE27EFC00A273EF /* HttpTestVC.m in Sources */,
				FC2660351CAA88EF00537C9F /* bottomViewController.m in Sources */,
				FC99B96F1CFC1CAA001D3F99 /* mainWindowController.m in Sources */,
				FCCA96951E9CBE80003186A1 /* ExcelToJsonVC.m in Sources */,
				FC2BE6C01CAB7FF7006310BD /* defaultViewController.m in Sources */,
				FC265FF91CAA65A500537C9F /* mainViewController.m in Sources */,
				FC8E40901E9B17E2003D1201 /* NewFileViewController.m in Sources */,
				FC2660251CAA744D00537C9F /* rightViewController.m in Sources */,
				FC2660301CAA84DE00537C9F /* TopViewController.m in Sources */,
				FC07456B1D2CDF6A000DFBA6 /* ViedoDownloadCell.m in Sources */,
				FC4704671D46086E009F0B62 /* DownloadFile2.m in Sources */,
				FC0745651D2CDF6A000DFBA6 /* samllTools1ViewController.m in Sources */,
				FC7D8BEC1D2A74F00009EF7F /* DownloadFile.m in Sources */,
				FC26602A1CAA76E500537C9F /* leftTableViewController.m in Sources */,
				FC11A8141CC24B590077A79E /* PlanbookViewController.m in Sources */,
				FC265FF61CAA65A500537C9F /* main.m in Sources */,
				FC2BE6D01CABAB65006310BD /* nameSpaceBugViewController.m in Sources */,
				FCE8B74F1CF849F700B3BFD2 /* testVC.m in Sources */,
				FC265FF31CAA65A500537C9F /* AppDelegate.m in Sources */,
				FC9F87C31CEC208B007C9727 /* appIconViewController.m in Sources */,
				FC07457A1D2CF9BB000DFBA6 /* FileMergeVC.m in Sources */,
				FC0ADFCD1CEC79210027780E /* DragDropView.m in Sources */,
			);
			runOnlyForDeploymentPostprocessing = 0;
		};
		FC2660001CAA65A500537C9F /* Sources */ = {
			isa = PBXSourcesBuildPhase;
			buildActionMask = 2147483647;
			files = (
				FC2660091CAA65A500537C9F /* SmallToolsTests.m in Sources */,
			);
			runOnlyForDeploymentPostprocessing = 0;
		};
		FC26600B1CAA65A500537C9F /* Sources */ = {
			isa = PBXSourcesBuildPhase;
			buildActionMask = 2147483647;
			files = (
				FC2660141CAA65A500537C9F /* SmallToolsUITests.m in Sources */,
			);
			runOnlyForDeploymentPostprocessing = 0;
		};
/* End PBXSourcesBuildPhase section */

/* Begin PBXTargetDependency section */
		FC2660061CAA65A500537C9F /* PBXTargetDependency */ = {
			isa = PBXTargetDependency;
			target = FC265FED1CAA65A500537C9F /* SmallTools */;
			targetProxy = FC2660051CAA65A500537C9F /* PBXContainerItemProxy */;
		};
		FC2660111CAA65A500537C9F /* PBXTargetDependency */ = {
			isa = PBXTargetDependency;
			target = FC265FED1CAA65A500537C9F /* SmallTools */;
			targetProxy = FC2660101CAA65A500537C9F /* PBXContainerItemProxy */;
		};
/* End PBXTargetDependency section */

/* Begin PBXVariantGroup section */
		FC265FFC1CAA65A500537C9F /* Main.storyboard */ = {
			isa = PBXVariantGroup;
			children = (
				FC265FFD1CAA65A500537C9F /* Base */,
			);
			name = Main.storyboard;
			sourceTree = "<group>";
		};
/* End PBXVariantGroup section */

/* Begin XCBuildConfiguration section */
		FC2660161CAA65A500537C9F /* Debug */ = {
			isa = XCBuildConfiguration;
			buildSettings = {
				ALWAYS_SEARCH_USER_PATHS = NO;
				CLANG_ANALYZER_NONNULL = YES;
				CLANG_CXX_LANGUAGE_STANDARD = "gnu++0x";
				CLANG_CXX_LIBRARY = "libc++";
				CLANG_ENABLE_MODULES = YES;
				CLANG_ENABLE_OBJC_ARC = YES;
				CLANG_WARN_BOOL_CONVERSION = YES;
				CLANG_WARN_CONSTANT_CONVERSION = YES;
				CLANG_WARN_DIRECT_OBJC_ISA_USAGE = YES_ERROR;
				CLANG_WARN_EMPTY_BODY = YES;
				CLANG_WARN_ENUM_CONVERSION = YES;
				CLANG_WARN_INT_CONVERSION = YES;
				CLANG_WARN_OBJC_ROOT_CLASS = YES_ERROR;
				CLANG_WARN_UNREACHABLE_CODE = YES;
				CLANG_WARN__DUPLICATE_METHOD_MATCH = YES;
				CODE_SIGN_IDENTITY = "-";
				COPY_PHASE_STRIP = NO;
				DEBUG_INFORMATION_FORMAT = dwarf;
				ENABLE_STRICT_OBJC_MSGSEND = YES;
				ENABLE_TESTABILITY = YES;
				GCC_C_LANGUAGE_STANDARD = gnu99;
				GCC_DYNAMIC_NO_PIC = NO;
				GCC_NO_COMMON_BLOCKS = YES;
				GCC_OPTIMIZATION_LEVEL = 0;
				GCC_PREPROCESSOR_DEFINITIONS = (
					"DEBUG=1",
					"$(inherited)",
				);
				GCC_WARN_64_TO_32_BIT_CONVERSION = YES;
				GCC_WARN_ABOUT_RETURN_TYPE = YES_ERROR;
				GCC_WARN_UNDECLARED_SELECTOR = YES;
				GCC_WARN_UNINITIALIZED_AUTOS = YES_AGGRESSIVE;
				GCC_WARN_UNUSED_FUNCTION = YES;
				GCC_WARN_UNUSED_VARIABLE = YES;
				MACOSX_DEPLOYMENT_TARGET = 10.11;
				MTL_ENABLE_DEBUG_INFO = YES;
				ONLY_ACTIVE_ARCH = YES;
				SDKROOT = macosx;
			};
			name = Debug;
		};
		FC2660171CAA65A500537C9F /* Release */ = {
			isa = XCBuildConfiguration;
			buildSettings = {
				ALWAYS_SEARCH_USER_PATHS = NO;
				CLANG_ANALYZER_NONNULL = YES;
				CLANG_CXX_LANGUAGE_STANDARD = "gnu++0x";
				CLANG_CXX_LIBRARY = "libc++";
				CLANG_ENABLE_MODULES = YES;
				CLANG_ENABLE_OBJC_ARC = YES;
				CLANG_WARN_BOOL_CONVERSION = YES;
				CLANG_WARN_CONSTANT_CONVERSION = YES;
				CLANG_WARN_DIRECT_OBJC_ISA_USAGE = YES_ERROR;
				CLANG_WARN_EMPTY_BODY = YES;
				CLANG_WARN_ENUM_CONVERSION = YES;
				CLANG_WARN_INT_CONVERSION = YES;
				CLANG_WARN_OBJC_ROOT_CLASS = YES_ERROR;
				CLANG_WARN_UNREACHABLE_CODE = YES;
				CLANG_WARN__DUPLICATE_METHOD_MATCH = YES;
				CODE_SIGN_IDENTITY = "-";
				COPY_PHASE_STRIP = NO;
				DEBUG_INFORMATION_FORMAT = "dwarf-with-dsym";
				ENABLE_NS_ASSERTIONS = NO;
				ENABLE_STRICT_OBJC_MSGSEND = YES;
				GCC_C_LANGUAGE_STANDARD = gnu99;
				GCC_NO_COMMON_BLOCKS = YES;
				GCC_WARN_64_TO_32_BIT_CONVERSION = YES;
				GCC_WARN_ABOUT_RETURN_TYPE = YES_ERROR;
				GCC_WARN_UNDECLARED_SELECTOR = YES;
				GCC_WARN_UNINITIALIZED_AUTOS = YES_AGGRESSIVE;
				GCC_WARN_UNUSED_FUNCTION = YES;
				GCC_WARN_UNUSED_VARIABLE = YES;
				MACOSX_DEPLOYMENT_TARGET = 10.11;
				MTL_ENABLE_DEBUG_INFO = NO;
				SDKROOT = macosx;
			};
			name = Release;
		};
		FC2660191CAA65A500537C9F /* Debug */ = {
			isa = XCBuildConfiguration;
			baseConfigurationReference = 41074F7D3F371B875D7C7FCA /* Pods-SmallTools.debug.xcconfig */;
			buildSettings = {
				ASSETCATALOG_COMPILER_APPICON_NAME = "AppIcon-1";
				COMBINE_HIDPI_IMAGES = YES;
				INFOPLIST_FILE = SmallTools/Info.plist;
				LD_RUNPATH_SEARCH_PATHS = "$(inherited) @executable_path/../Frameworks";
				PRODUCT_BUNDLE_IDENTIFIER = www.duole.login.SmallTools;
				PRODUCT_NAME = "$(TARGET_NAME)";
			};
			name = Debug;
		};
		FC26601A1CAA65A500537C9F /* Release */ = {
			isa = XCBuildConfiguration;
			baseConfigurationReference = AAE34914AE0504F67FB42596 /* Pods-SmallTools.release.xcconfig */;
			buildSettings = {
				ASSETCATALOG_COMPILER_APPICON_NAME = "AppIcon-1";
				COMBINE_HIDPI_IMAGES = YES;
				INFOPLIST_FILE = SmallTools/Info.plist;
				LD_RUNPATH_SEARCH_PATHS = "$(inherited) @executable_path/../Frameworks";
				PRODUCT_BUNDLE_IDENTIFIER = www.duole.login.SmallTools;
				PRODUCT_NAME = "$(TARGET_NAME)";
			};
			name = Release;
		};
		FC26601C1CAA65A500537C9F /* Debug */ = {
			isa = XCBuildConfiguration;
			buildSettings = {
				BUNDLE_LOADER = "$(TEST_HOST)";
				COMBINE_HIDPI_IMAGES = YES;
				INFOPLIST_FILE = SmallToolsTests/Info.plist;
				LD_RUNPATH_SEARCH_PATHS = "$(inherited) @executable_path/../Frameworks @loader_path/../Frameworks";
				PRODUCT_BUNDLE_IDENTIFIER = www.duole.login.SmallToolsTests;
				PRODUCT_NAME = "$(TARGET_NAME)";
				TEST_HOST = "$(BUILT_PRODUCTS_DIR)/SmallTools.app/Contents/MacOS/SmallTools";
			};
			name = Debug;
		};
		FC26601D1CAA65A500537C9F /* Release */ = {
			isa = XCBuildConfiguration;
			buildSettings = {
				BUNDLE_LOADER = "$(TEST_HOST)";
				COMBINE_HIDPI_IMAGES = YES;
				INFOPLIST_FILE = SmallToolsTests/Info.plist;
				LD_RUNPATH_SEARCH_PATHS = "$(inherited) @executable_path/../Frameworks @loader_path/../Frameworks";
				PRODUCT_BUNDLE_IDENTIFIER = www.duole.login.SmallToolsTests;
				PRODUCT_NAME = "$(TARGET_NAME)";
				TEST_HOST = "$(BUILT_PRODUCTS_DIR)/SmallTools.app/Contents/MacOS/SmallTools";
			};
			name = Release;
		};
		FC26601F1CAA65A500537C9F /* Debug */ = {
			isa = XCBuildConfiguration;
			buildSettings = {
				COMBINE_HIDPI_IMAGES = YES;
				INFOPLIST_FILE = SmallToolsUITests/Info.plist;
				LD_RUNPATH_SEARCH_PATHS = "$(inherited) @executable_path/../Frameworks @loader_path/../Frameworks";
				PRODUCT_BUNDLE_IDENTIFIER = www.duole.login.SmallToolsUITests;
				PRODUCT_NAME = "$(TARGET_NAME)";
				TEST_TARGET_NAME = SmallTools;
			};
			name = Debug;
		};
		FC2660201CAA65A500537C9F /* Release */ = {
			isa = XCBuildConfiguration;
			buildSettings = {
				COMBINE_HIDPI_IMAGES = YES;
				INFOPLIST_FILE = SmallToolsUITests/Info.plist;
				LD_RUNPATH_SEARCH_PATHS = "$(inherited) @executable_path/../Frameworks @loader_path/../Frameworks";
				PRODUCT_BUNDLE_IDENTIFIER = www.duole.login.SmallToolsUITests;
				PRODUCT_NAME = "$(TARGET_NAME)";
				TEST_TARGET_NAME = SmallTools;
			};
			name = Release;
		};
/* End XCBuildConfiguration section */

/* Begin XCConfigurationList section */
		FC265FE91CAA65A500537C9F /* Build configuration list for PBXProject "SmallTools" */ = {
			isa = XCConfigurationList;
			buildConfigurations = (
				FC2660161CAA65A500537C9F /* Debug */,
				FC2660171CAA65A500537C9F /* Release */,
			);
			defaultConfigurationIsVisible = 0;
			defaultConfigurationName = Release;
		};
		FC2660181CAA65A500537C9F /* Build configuration list for PBXNativeTarget "SmallTools" */ = {
			isa = XCConfigurationList;
			buildConfigurations = (
				FC2660191CAA65A500537C9F /* Debug */,
				FC26601A1CAA65A500537C9F /* Release */,
			);
			defaultConfigurationIsVisible = 0;
			defaultConfigurationName = Release;
		};
		FC26601B1CAA65A500537C9F /* Build configuration list for PBXNativeTarget "SmallToolsTests" */ = {
			isa = XCConfigurationList;
			buildConfigurations = (
				FC26601C1CAA65A500537C9F /* Debug */,
				FC26601D1CAA65A500537C9F /* Release */,
			);
			defaultConfigurationIsVisible = 0;
			defaultConfigurationName = Release;
		};
		FC26601E1CAA65A500537C9F /* Build configuration list for PBXNativeTarget "SmallToolsUITests" */ = {
			isa = XCConfigurationList;
			buildConfigurations = (
				FC26601F1CAA65A500537C9F /* Debug */,
				FC2660201CAA65A500537C9F /* Release */,
			);
			defaultConfigurationIsVisible = 0;
			defaultConfigurationName = Release;
		};
/* End XCConfigurationList section */
	};
	rootObject = FC265FE61CAA65A500537C9F /* Project object */;
}
